Microsoft Visual Studio Solution File, Format Version 12.00
# Visual Studio 2012
Project("{FAE04EC0-301F-11D3-BF4B-00C04F79EFBC}") = "LegacyOfTheAncientQuestor", "LegacyOfTheAncientQuestor.csproj", "{4CB5BE74-6A69-4264-B40D-DD9D4EFC3B6B}"
EndProject
Global
	GlobalSection(SolutionConfigurationPlatforms) = preSolution
	Debug|Any CPU = Debug|Any CPU
	ExportDebug|Any CPU = ExportDebug|Any CPU
	ExportRelease|Any CPU = ExportRelease|Any CPU
	EndGlobalSection
	GlobalSection(ProjectConfigurationPlatforms) = postSolution
		{4CB5BE74-6A69-4264-B40D-DD9D4EFC3B6B}.Debug|Any CPU.ActiveCfg = Debug|Any CPU
		{4CB5BE74-6A69-4264-B40D-DD9D4EFC3B6B}.Debug|Any CPU.Build.0 = Debug|Any CPU
		{4CB5BE74-6A69-4264-B40D-DD9D4EFC3B6B}.ExportDebug|Any CPU.ActiveCfg = ExportDebug|Any CPU
		{4CB5BE74-6A69-4264-B40D-DD9D4EFC3B6B}.ExportDebug|Any CPU.Build.0 = ExportDebug|Any CPU
		{4CB5BE74-6A69-4264-B40D-DD9D4EFC3B6B}.ExportRelease|Any CPU.ActiveCfg = ExportRelease|Any CPU
		{4CB5BE74-6A69-4264-B40D-DD9D4EFC3B6B}.ExportRelease|Any CPU.Build.0 = ExportRelease|Any CPU
	EndGlobalSection
EndGlobal
